
Microsoft Visual Studio Solution File, Format Version 12.00
# Visual Studio Version 17
VisualStudioVersion = 17.6.33829.357
MinimumVisualStudioVersion = 10.0.40219.1
Project("{FAE04EC0-301F-11D3-BF4B-00C04F79EFBC}") = "ControleContatos", "ControleContatos\ControleContatos.csproj", "{B4C2C3F8-B0C6-4720-A7B5-3AE256E6810B}"
EndProject
Global
	GlobalSection(SolutionConfigurationPlatforms) = preSolution
		Debug|Any CPU = Debug|Any CPU
		Release|Any CPU = Release|Any CPU
	EndGlobalSection
	GlobalSection(ProjectConfigurationPlatforms) = postSolution
		{B4C2C3F8-B0C6-4720-A7B5-3AE256E6810B}.Debug|Any CPU.ActiveCfg = Debug|Any CPU
		{B4C2C3F8-B0C6-4720-A7B5-3AE256E6810B}.Debug|Any CPU.Build.0 = Debug|Any CPU
		{B4C2C3F8-B0C6-4720-A7B5-3AE256E6810B}.Release|Any CPU.ActiveCfg = Release|Any CPU
		{B4C2C3F8-B0C6-4720-A7B5-3AE256E6810B}.Release|Any CPU.Build.0 = Release|Any CPU
	EndGlobalSection
	GlobalSection(SolutionProperties) = preSolution
		HideSolutionNode = FALSE
	EndGlobalSection
	GlobalSection(ExtensibilityGlobals) = postSolution
		SolutionGuid = {849DB41F-8303-49B7-986F-AA63C9157D3B}
	EndGlobalSection
EndGlobal
